
Microsoft Visual Studio Solution File, Format Version 12.00
# Visual Studio Version 17
VisualStudioVersion = 17.0.31612.314
MinimumVisualStudioVersion = 10.0.40219.1
Project("{9A19103F-16F7-4668-BE54-9A1E7A4F7556}") = "Console", "Console.csproj", "{8DBBBB39-6555-4059-B50D-F94FD2682DF7}"
EndProject
Global
	GlobalSection(SolutionConfigurationPlatforms) = preSolution
		Debug|Any CPU = Debug|Any CPU
		Release|Any CPU = Release|Any CPU
	EndGlobalSection
	GlobalSection(ProjectConfigurationPlatforms) = postSolution
		{8DBBBB39-6555-4059-B50D-F94FD2682DF7}.Debug|Any CPU.ActiveCfg = Debug|Any CPU
		{8DBBBB39-6555-4059-B50D-F94FD2682DF7}.Debug|Any CPU.Build.0 = Debug|Any CPU
		{8DBBBB39-6555-4059-B50D-F94FD2682DF7}.Release|Any CPU.ActiveCfg = Release|Any CPU
		{8DBBBB39-6555-4059-B50D-F94FD2682DF7}.Release|Any CPU.Build.0 = Release|Any CPU
	EndGlobalSection
	GlobalSection(SolutionProperties) = preSolution
		HideSolutionNode = FALSE
	EndGlobalSection
	GlobalSection(ExtensibilityGlobals) = postSolution
		SolutionGuid = {64178325-6B23-42CF-BDFC-6DBBF312860A}
	EndGlobalSection
EndGlobal
